// !$*UTF8*$!
{
	archiveVersion = 1;
	classes = {
	};
	objectVersion = 46;
	objects = {

/* Begin PBXBuildFile section */
		6EBC080F1E341BA500C8EF4E /* ResourcePath.mm in Sources */ = {isa = PBXBuildFile; fileRef = 6EBC080E1E341BA500C8EF4E /* ResourcePath.mm */; };
		6EBC08371E3420D100C8EF4E /* main.cpp in Sources */ = {isa = PBXBuildFile; fileRef = 6EBC08361E3420D100C8EF4E /* main.cpp */; };
		6EBC083F1E3420E200C8EF4E /* 7.png in Resources */ = {isa = PBXBuildFile; fileRef = 6EBC08381E3420E200C8EF4E /* 7.png */; };
		6EBC08401E3420E200C8EF4E /* 6.png in Resources */ = {isa = PBXBuildFile; fileRef = 6EBC08391E3420E200C8EF4E /* 6.png */; };
		6EBC08411E3420E200C8EF4E /* 5.png in Resources */ = {isa = PBXBuildFile; fileRef = 6EBC083A1E3420E200C8EF4E /* 5.png */; };
		6EBC08421E3420E200C8EF4E /* 2.png in Resources */ = {isa = PBXBuildFile; fileRef = 6EBC083B1E3420E200C8EF4E /* 2.png */; };
		6EBC08431E3420E200C8EF4E /* 4.png in Resources */ = {isa = PBXBuildFile; fileRef = 6EBC083C1E3420E200C8EF4E /* 4.png */; };
		6EBC08441E3420E200C8EF4E /* 3.png in Resources */ = {isa = PBXBuildFile; fileRef = 6EBC083D1E3420E200C8EF4E /* 3.png */; };
		6EBC08451E3420E200C8EF4E /* 1.png in Resources */ = {isa = PBXBuildFile; fileRef = 6EBC083E1E3420E200C8EF4E /* 1.png */; };
		6EBC08471E34218D00C8EF4E /* bg.png in Resources */ = {isa = PBXBuildFile; fileRef = 6EBC08461E34218D00C8EF4E /* bg.png */; };
		6EBC084B1E34842A00C8EF4E /* mercedesspritesheets.png in Resources */ = {isa = PBXBuildFile; fileRef = 6EBC084A1E34842A00C8EF4E /* mercedesspritesheets.png */; };
		6EBC084E1E34892400C8EF4E /* Player.cpp in Sources */ = {isa = PBXBuildFile; fileRef = 6EBC084C1E34892400C8EF4E /* Player.cpp */; };
		6EBC08541E34AB0A00C8EF4E /* Screen.cpp in Sources */ = {isa = PBXBuildFile; fileRef = 6EBC08531E34AB0A00C8EF4E /* Screen.cpp */; };
		6EBC085F1E358ACA00C8EF4E /* car1-accelerating.ogg in Resources */ = {isa = PBXBuildFile; fileRef = 6EBC085D1E358ACA00C8EF4E /* car1-accelerating.ogg */; };
		6EBC08601E358ACA00C8EF4E /* car1-idle.ogg in Resources */ = {isa = PBXBuildFile; fileRef = 6EBC085E1E358ACA00C8EF4E /* car1-idle.ogg */; };
		6EBC08621E358B5E00C8EF4E /* car1-braking.ogg in Resources */ = {isa = PBXBuildFile; fileRef = 6EBC08611E358B5E00C8EF4E /* car1-braking.ogg */; };
/* End PBXBuildFile section */

/* Begin PBXFileReference section */
		6EBC08091E341BA500C8EF4E /* Racing.app */ = {isa = PBXFileReference; explicitFileType = wrapper.application; includeInIndex = 0; path = Racing.app; sourceTree = BUILT_PRODUCTS_DIR; };
		6EBC080D1E341BA500C8EF4E /* Racing-Info.plist */ = {isa = PBXFileReference; lastKnownFileType = text.plist.xml; path = "Racing-Info.plist"; sourceTree = "<group>"; };
		6EBC080E1E341BA500C8EF4E /* ResourcePath.mm */ = {isa = PBXFileReference; lastKnownFileType = sourcecode.cpp.objcpp; path = ResourcePath.mm; sourceTree = "<group>"; };
		6EBC08101E341BA500C8EF4E /* ResourcePath.hpp */ = {isa = PBXFileReference; lastKnownFileType = sourcecode.cpp.h; path = ResourcePath.hpp; sourceTree = "<group>"; };
		6EBC08361E3420D100C8EF4E /* main.cpp */ = {isa = PBXFileReference; fileEncoding = 4; lastKnownFileType = sourcecode.cpp.cpp; name = main.cpp; path = src/main.cpp; sourceTree = "<group>"; };
		6EBC08381E3420E200C8EF4E /* 7.png */ = {isa = PBXFileReference; lastKnownFileType = image.png; name = 7.png; path = images/7.png; sourceTree = "<group>"; };
		6EBC08391E3420E200C8EF4E /* 6.png */ = {isa = PBXFileReference; lastKnownFileType = image.png; name = 6.png; path = images/6.png; sourceTree = "<group>"; };
		6EBC083A1E3420E200C8EF4E /* 5.png */ = {isa = PBXFileReference; lastKnownFileType = image.png; name = 5.png; path = images/5.png; sourceTree = "<group>"; };
		6EBC083B1E3420E200C8EF4E /* 2.png */ = {isa = PBXFileReference; lastKnownFileType = image.png; name = 2.png; path = images/2.png; sourceTree = "<group>"; };
		6EBC083C1E3420E200C8EF4E /* 4.png */ = {isa = PBXFileReference; lastKnownFileType = image.png; name = 4.png; path = images/4.png; sourceTree = "<group>"; };
		6EBC083D1E3420E200C8EF4E /* 3.png */ = {isa = PBXFileReference; lastKnownFileType = image.png; name = 3.png; path = images/3.png; sourceTree = "<group>"; };
		6EBC083E1E3420E200C8EF4E /* 1.png */ = {isa = PBXFileReference; lastKnownFileType = image.png; name = 1.png; path = images/1.png; sourceTree = "<group>"; };
		6EBC08461E34218D00C8EF4E /* bg.png */ = {isa = PBXFileReference; lastKnownFileType = image.png; name = bg.png; path = images/bg.png; sourceTree = "<group>"; };
		6EBC084A1E34842A00C8EF4E /* mercedesspritesheets.png */ = {isa = PBXFileReference; lastKnownFileType = image.png; name = mercedesspritesheets.png; path = images/mercedesspritesheets.png; sourceTree = "<group>"; };
		6EBC084C1E34892400C8EF4E /* Player.cpp */ = {isa = PBXFileReference; fileEncoding = 4; lastKnownFileType = sourcecode.cpp.cpp; name = Player.cpp; path = src/Player.cpp; sourceTree = "<group>"; };
		6EBC084D1E34892400C8EF4E /* Player.hpp */ = {isa = PBXFileReference; fileEncoding = 4; lastKnownFileType = sourcecode.cpp.h; name = Player.hpp; path = src/Player.hpp; sourceTree = "<group>"; };
		6EBC08521E34AB0A00C8EF4E /* Screen.hpp */ = {isa = PBXFileReference; fileEncoding = 4; lastKnownFileType = sourcecode.cpp.h; name = Screen.hpp; path = src/Screen.hpp; sourceTree = "<group>"; };
		6EBC08531E34AB0A00C8EF4E /* Screen.cpp */ = {isa = PBXFileReference; fileEncoding = 4; lastKnownFileType = sourcecode.cpp.cpp; name = Screen.cpp; path = src/Screen.cpp; sourceTree = "<group>"; };
		6EBC085D1E358ACA00C8EF4E /* car1-accelerating.ogg */ = {isa = PBXFileReference; lastKnownFileType = file; name = "car1-accelerating.ogg"; path = "audio/car1-accelerating.ogg"; sourceTree = "<group>"; };
		6EBC085E1E358ACA00C8EF4E /* car1-idle.ogg */ = {isa = PBXFileReference; lastKnownFileType = file; name = "car1-idle.ogg"; path = "audio/car1-idle.ogg"; sourceTree = "<group>"; };
		6EBC08611E358B5E00C8EF4E /* car1-braking.ogg */ = {isa = PBXFileReference; lastKnownFileType = file; name = "car1-braking.ogg"; path = "audio/car1-braking.ogg"; sourceTree = "<group>"; };
/* End PBXFileReference section */

/* Begin PBXFrameworksBuildPhase section */
		6EBC08051E341BA500C8EF4E /* Frameworks */ = {
			isa = PBXFrameworksBuildPhase;
			buildActionMask = 2147483647;
			files = (
			);
			runOnlyForDeploymentPostprocessing = 0;
		};
/* End PBXFrameworksBuildPhase section */

/* Begin PBXGroup section */
		6EBC07FF1E341BA500C8EF4E = {
			isa = PBXGroup;
			children = (
				6EBC080B1E341BA500C8EF4E /* Racing */,
				6EBC080A1E341BA500C8EF4E /* Products */,
			);
			sourceTree = "<group>";
		};
		6EBC080A1E341BA500C8EF4E /* Products */ = {
			isa = PBXGroup;
			children = (
				6EBC08091E341BA500C8EF4E /* Racing.app */,
			);
			name = Products;
			sourceTree = "<group>";
		};
		6EBC080B1E341BA500C8EF4E /* Racing */ = {
			isa = PBXGroup;
			children = (
				6EBC08521E34AB0A00C8EF4E /* Screen.hpp */,
				6EBC08531E34AB0A00C8EF4E /* Screen.cpp */,
				6EBC08361E3420D100C8EF4E /* main.cpp */,
				6EBC080E1E341BA500C8EF4E /* ResourcePath.mm */,
				6EBC08101E341BA500C8EF4E /* ResourcePath.hpp */,
				6EBC084C1E34892400C8EF4E /* Player.cpp */,
				6EBC084D1E34892400C8EF4E /* Player.hpp */,
				6EBC08131E341BA500C8EF4E /* Resources */,
				6EBC080C1E341BA500C8EF4E /* Supporting Files */,
			);
			path = Racing;
			sourceTree = "<group>";
		};
		6EBC080C1E341BA500C8EF4E /* Supporting Files */ = {
			isa = PBXGroup;
			children = (
				6EBC080D1E341BA500C8EF4E /* Racing-Info.plist */,
			);
			name = "Supporting Files";
			sourceTree = "<group>";
		};
		6EBC08131E341BA500C8EF4E /* Resources */ = {
			isa = PBXGroup;
			children = (
				6EBC08611E358B5E00C8EF4E /* car1-braking.ogg */,
				6EBC085D1E358ACA00C8EF4E /* car1-accelerating.ogg */,
				6EBC085E1E358ACA00C8EF4E /* car1-idle.ogg */,
				6EBC084A1E34842A00C8EF4E /* mercedesspritesheets.png */,
				6EBC08461E34218D00C8EF4E /* bg.png */,
				6EBC08381E3420E200C8EF4E /* 7.png */,
				6EBC08391E3420E200C8EF4E /* 6.png */,
				6EBC083A1E3420E200C8EF4E /* 5.png */,
				6EBC083B1E3420E200C8EF4E /* 2.png */,
				6EBC083C1E3420E200C8EF4E /* 4.png */,
				6EBC083D1E3420E200C8EF4E /* 3.png */,
				6EBC083E1E3420E200C8EF4E /* 1.png */,
			);
			name = Resources;
			sourceTree = "<group>";
		};
/* End PBXGroup section */

/* Begin PBXNativeTarget section */
		6EBC08081E341BA500C8EF4E /* Racing */ = {
			isa = PBXNativeTarget;
			buildConfigurationList = 6EBC081E1E341BA500C8EF4E /* Build configuration list for PBXNativeTarget "Racing" */;
			buildPhases = (
				6EBC08041E341BA500C8EF4E /* Sources */,
				6EBC08051E341BA500C8EF4E /* Frameworks */,
				6EBC08061E341BA500C8EF4E /* Resources */,
				6EBC08071E341BA500C8EF4E /* ShellScript */,
			);
			buildRules = (
			);
			dependencies = (
			);
			name = Racing;
			productName = Racing;
			productReference = 6EBC08091E341BA500C8EF4E /* Racing.app */;
			productType = "com.apple.product-type.application";
		};
/* End PBXNativeTarget section */

/* Begin PBXProject section */
		6EBC08001E341BA500C8EF4E /* Project object */ = {
			isa = PBXProject;
			attributes = {
				LastUpgradeCheck = 0820;
				ORGANIZATIONNAME = StartupMedia;
				TargetAttributes = {
					6EBC08081E341BA500C8EF4E = {
						CreatedOnToolsVersion = 8.2.1;
						ProvisioningStyle = Automatic;
					};
				};
			};
			buildConfigurationList = 6EBC08031E341BA500C8EF4E /* Build configuration list for PBXProject "Racing" */;
			compatibilityVersion = "Xcode 3.2";
			developmentRegion = English;
			hasScannedForEncodings = 0;
			knownRegions = (
				en,
			);
			mainGroup = 6EBC07FF1E341BA500C8EF4E;
			productRefGroup = 6EBC080A1E341BA500C8EF4E /* Products */;
			projectDirPath = "";
			projectRoot = "";
			targets = (
				6EBC08081E341BA500C8EF4E /* Racing */,
			);
		};
/* End PBXProject section */

/* Begin PBXResourcesBuildPhase section */
		6EBC08061E341BA500C8EF4E /* Resources */ = {
			isa = PBXResourcesBuildPhase;
			buildActionMask = 2147483647;
			files = (
				6EBC08411E3420E200C8EF4E /* 5.png in Resources */,
				6EBC08621E358B5E00C8EF4E /* car1-braking.ogg in Resources */,
				6EBC08401E3420E200C8EF4E /* 6.png in Resources */,
				6EBC084B1E34842A00C8EF4E /* mercedesspritesheets.png in Resources */,
				6EBC08601E358ACA00C8EF4E /* car1-idle.ogg in Resources */,
				6EBC08471E34218D00C8EF4E /* bg.png in Resources */,
				6EBC085F1E358ACA00C8EF4E /* car1-accelerating.ogg in Resources */,
				6EBC08421E3420E200C8EF4E /* 2.png in Resources */,
				6EBC08441E3420E200C8EF4E /* 3.png in Resources */,
				6EBC08431E3420E200C8EF4E /* 4.png in Resources */,
				6EBC083F1E3420E200C8EF4E /* 7.png in Resources */,
				6EBC08451E3420E200C8EF4E /* 1.png in Resources */,
			);
			runOnlyForDeploymentPostprocessing = 0;
		};
/* End PBXResourcesBuildPhase section */

/* Begin PBXShellScriptBuildPhase section */
		6EBC08071E341BA500C8EF4E /* ShellScript */ = {
			isa = PBXShellScriptBuildPhase;
			buildActionMask = 2147483647;
			files = (
			);
			inputPaths = (
			);
			outputPaths = (
			);
			runOnlyForDeploymentPostprocessing = 0;
			shellPath = /bin/sh;
			shellScript = "# This shell script simply copies required SFML dylibs/frameworks into the application bundle frameworks folder.\n# If you're using static libraries (which is not recommended) you should remove this script from your project.\n\n# SETTINGS\nCMAKE_INSTALL_FRAMEWORK_PREFIX=\"/Library/Frameworks\"\nCMAKE_INSTALL_LIB_PREFIX=\"/usr/local/lib\"\nFRAMEWORKS_FULL_PATH=\"$BUILT_PRODUCTS_DIR/$FRAMEWORKS_FOLDER_PATH/\"\n\n# Are we building a project that uses frameworks or dylibs?\ncase \"$SFML_BINARY_TYPE\" in\n    DYLIBS)\n        frameworks=\"false\"\n        ;;\n    *)\n        frameworks=\"true\"\n        ;;\nesac\n\n# Echoes to stderr\nerror () # $* message to display\n{\n    echo $* 1>&2\n    exit 2\n}\n\nassert () # $1 is a boolean, $2...N is an error message\n{\n    if [ $# -lt 2 ]\n    then\n        error \"Internal error in assert: not enough args\"\n    fi\n\n    if [ $1 -ne 0 ]\n    then\n        shift\n        error \"$*\"\n    fi\n}\n\nforce_remove () # $@ is some paths\n{\n    test $# -ge 1\n    assert $? \"force_remove() requires at least one parameter\"\n    rm -fr $@\n    assert $? \"couldn't remove $@\"\n}\n\ncopy () # $1 is a source, $2 is a destination\n{\n    test $# -eq 2\n    assert $? \"copy() requires two parameters\"\n    ditto \"$1\" \"$2\"\n    assert $? \"couldn't copy $1 to $2\"\n}\n\nrequire () # $1 is a SFML module like 'system' or 'audio'\n{\n    dest=\"$BUILT_PRODUCTS_DIR/$FRAMEWORKS_FOLDER_PATH/\"\n\n    if [ -z \"$1\" ]\n    then\n        error \"require() requires one parameter!\"\n    else\n        # clean potentially old stuff\n        force_remove \"$dest/libsfml-$1\"*\n        force_remove \"$dest/sfml-$1.framework\"\n\n        # copy SFML libraries\n        if [ \"$frameworks\" = \"true\" ]\n        then\n            source=\"$CMAKE_INSTALL_FRAMEWORK_PREFIX/sfml-$1.framework\"\n            target=\"sfml-$1.framework\"\n        elif [ \"$SFML_LINK_DYLIBS_SUFFIX\" = \"-d\" ]\n        then\n            source=\"$CMAKE_INSTALL_LIB_PREFIX/libsfml-$1-d.dylib\"\n            target=\"`readlink $source`\"\n        else\n            source=\"$CMAKE_INSTALL_LIB_PREFIX/libsfml-$1.dylib\"\n            target=\"`readlink $source`\"\n        fi\n\n        copy \"$source\" \"$dest/$target\"\n\n        # copy extra dependencies\n        if [ \"$1\" = \"audio\" ]\n        then\n            # copy \"FLAC\" \"ogg\" \"vorbis\" \"vorbisenc\" \"vorbisfile\" \"OpenAL\" frameworks too\n            for f in \"FLAC\" \"ogg\" \"vorbis\" \"vorbisenc\" \"vorbisfile\" \"OpenAL\"\n            do\n                copy \"$CMAKE_INSTALL_FRAMEWORK_PREFIX/$f.framework\" \"$dest/$f.framework\"\n            done\n        elif [ \"$1\" = \"graphics\" ]\n        then\n            copy \"$CMAKE_INSTALL_FRAMEWORK_PREFIX/freetype.framework\" \"$dest/freetype.framework\"\n        fi\n    fi\n}\n\nif [ -n \"$SFML_SYSTEM\" ]\nthen\n    require \"system\"\nfi\n\nif [ -n \"$SFML_AUDIO\" ]\nthen\n    require \"audio\"\nfi\n\nif [ -n \"$SFML_NETWORK\" ]\nthen\n    require \"network\"\nfi\n\nif [ -n \"$SFML_WINDOW\" ]\nthen\n    require \"window\"\nfi\n\nif [ -n \"$SFML_GRAPHICS\" ]\nthen\n    require \"graphics\"\nfi\n\n                ";
		};
/* End PBXShellScriptBuildPhase section */

/* Begin PBXSourcesBuildPhase section */
		6EBC08041E341BA500C8EF4E /* Sources */ = {
			isa = PBXSourcesBuildPhase;
			buildActionMask = 2147483647;
			files = (
				6EBC08371E3420D100C8EF4E /* main.cpp in Sources */,
				6EBC080F1E341BA500C8EF4E /* ResourcePath.mm in Sources */,
				6EBC084E1E34892400C8EF4E /* Player.cpp in Sources */,
				6EBC08541E34AB0A00C8EF4E /* Screen.cpp in Sources */,
			);
			runOnlyForDeploymentPostprocessing = 0;
		};
/* End PBXSourcesBuildPhase section */

/* Begin XCBuildConfiguration section */
		6EBC081C1E341BA500C8EF4E /* Debug */ = {
			isa = XCBuildConfiguration;
			buildSettings = {
				ARCHS = "$(NATIVE_ARCH_ACTUAL)";
				CLANG_CXX_LANGUAGE_STANDARD = "c++0x";
				CLANG_CXX_LIBRARY = "libc++";
				FRAMEWORK_SEARCH_PATHS = (
					/Library/Frameworks/,
					"$(inherited)",
				);
				GCC_VERSION = com.apple.compilers.llvm.clang.1_0;
				HEADER_SEARCH_PATHS = (
					/usr/local/include/,
					"$(inherited)",
				);
				LIBRARY_SEARCH_PATHS = (
					/usr/local/lib/,
					"$(inherited)",
				);
				MACOSX_DEPLOYMENT_TARGET = 10.7;
				OTHER_LDFLAGS = (
					"$(inherited)",
					"$(SFML_SYSTEM)",
					"$(SFML_WINDOW)",
					"$(SFML_GRAPHICS)",
					"$(SFML_AUDIO)",
					"$(SFML_NETWORK)",
				);
				SFML_AUDIO = "$(SFML_LINK_PREFIX) sfml-audio$(SFML_LINK_SUFFIX)";
				SFML_BINARY_TYPE = FRAMEWORKS;
				SFML_GRAPHICS = "$(SFML_LINK_PREFIX) sfml-graphics$(SFML_LINK_SUFFIX)";
				SFML_LINK_DYLIBS_PREFIX = "-l";
				SFML_LINK_DYLIBS_SUFFIX = "";
				SFML_LINK_FRAMEWORKS_PREFIX = "-framework";
				SFML_LINK_FRAMEWORKS_SUFFIX = "";
				SFML_LINK_PREFIX = "$(SFML_LINK_$(SFML_BINARY_TYPE)_PREFIX)";
				SFML_LINK_SUFFIX = "$(SFML_LINK_$(SFML_BINARY_TYPE)_SUFFIX)";
				SFML_NETWORK = "$(SFML_LINK_PREFIX) sfml-network$(SFML_LINK_SUFFIX)";
				SFML_SYSTEM = "$(SFML_LINK_PREFIX) sfml-system$(SFML_LINK_SUFFIX)";
				SFML_WINDOW = "$(SFML_LINK_PREFIX) sfml-window$(SFML_LINK_SUFFIX)";
				SUPPORTED_PLATFORMS = macosx;
			};
			name = Debug;
		};
		6EBC081D1E341BA500C8EF4E /* Release */ = {
			isa = XCBuildConfiguration;
			buildSettings = {
				ARCHS = "$(NATIVE_ARCH_ACTUAL)";
				CLANG_CXX_LANGUAGE_STANDARD = "c++0x";
				CLANG_CXX_LIBRARY = "libc++";
				FRAMEWORK_SEARCH_PATHS = (
					/Library/Frameworks/,
					"$(inherited)",
				);
				GCC_VERSION = com.apple.compilers.llvm.clang.1_0;
				HEADER_SEARCH_PATHS = (
					/usr/local/include/,
					"$(inherited)",
				);
				LIBRARY_SEARCH_PATHS = (
					/usr/local/lib/,
					"$(inherited)",
				);
				MACOSX_DEPLOYMENT_TARGET = 10.7;
				OTHER_LDFLAGS = (
					"$(inherited)",
					"$(SFML_SYSTEM)",
					"$(SFML_WINDOW)",
					"$(SFML_GRAPHICS)",
					"$(SFML_AUDIO)",
					"$(SFML_NETWORK)",
				);
				SFML_AUDIO = "$(SFML_LINK_PREFIX) sfml-audio$(SFML_LINK_SUFFIX)";
				SFML_BINARY_TYPE = FRAMEWORKS;
				SFML_GRAPHICS = "$(SFML_LINK_PREFIX) sfml-graphics$(SFML_LINK_SUFFIX)";
				SFML_LINK_DYLIBS_PREFIX = "-l";
				SFML_LINK_DYLIBS_SUFFIX = "";
				SFML_LINK_FRAMEWORKS_PREFIX = "-framework";
				SFML_LINK_FRAMEWORKS_SUFFIX = "";
				SFML_LINK_PREFIX = "$(SFML_LINK_$(SFML_BINARY_TYPE)_PREFIX)";
				SFML_LINK_SUFFIX = "$(SFML_LINK_$(SFML_BINARY_TYPE)_SUFFIX)";
				SFML_NETWORK = "$(SFML_LINK_PREFIX) sfml-network$(SFML_LINK_SUFFIX)";
				SFML_SYSTEM = "$(SFML_LINK_PREFIX) sfml-system$(SFML_LINK_SUFFIX)";
				SFML_WINDOW = "$(SFML_LINK_PREFIX) sfml-window$(SFML_LINK_SUFFIX)";
				SUPPORTED_PLATFORMS = macosx;
			};
			name = Release;
		};
		6EBC081F1E341BA500C8EF4E /* Debug */ = {
			isa = XCBuildConfiguration;
			buildSettings = {
				INFOPLIST_FILE = "Racing/Racing-Info.plist";
				LD_RUNPATH_SEARCH_PATHS = "@loader_path/../Frameworks";
				PRODUCT_NAME = "$(TARGET_NAME)";
			};
			name = Debug;
		};
		6EBC08201E341BA500C8EF4E /* Release */ = {
			isa = XCBuildConfiguration;
			buildSettings = {
				INFOPLIST_FILE = "Racing/Racing-Info.plist";
				LD_RUNPATH_SEARCH_PATHS = "@loader_path/../Frameworks";
				PRODUCT_NAME = "$(TARGET_NAME)";
			};
			name = Release;
		};
/* End XCBuildConfiguration section */

/* Begin XCConfigurationList section */
		6EBC08031E341BA500C8EF4E /* Build configuration list for PBXProject "Racing" */ = {
			isa = XCConfigurationList;
			buildConfigurations = (
				6EBC081C1E341BA500C8EF4E /* Debug */,
				6EBC081D1E341BA500C8EF4E /* Release */,
			);
			defaultConfigurationIsVisible = 0;
			defaultConfigurationName = Release;
		};
		6EBC081E1E341BA500C8EF4E /* Build configuration list for PBXNativeTarget "Racing" */ = {
			isa = XCConfigurationList;
			buildConfigurations = (
				6EBC081F1E341BA500C8EF4E /* Debug */,
				6EBC08201E341BA500C8EF4E /* Release */,
			);
			defaultConfigurationIsVisible = 0;
			defaultConfigurationName = Release;
		};
/* End XCConfigurationList section */
	};
	rootObject = 6EBC08001E341BA500C8EF4E /* Project object */;
}
